
Microsoft Visual Studio Solution File, Format Version 12.00
# Visual Studio Version 17
VisualStudioVersion = 17.4.33205.214
MinimumVisualStudioVersion = 10.0.40219.1
Project("{FAE04EC0-301F-11D3-BF4B-00C04F79EFBC}") = "LoanApplication", "LoanApplication.csproj", "{61B58122-6EE8-4272-81F6-09EA0DECF95D}"
EndProject
Global
	GlobalSection(SolutionConfigurationPlatforms) = preSolution
		Debug|Any CPU = Debug|Any CPU
		Release|Any CPU = Release|Any CPU
	EndGlobalSection
	GlobalSection(ProjectConfigurationPlatforms) = postSolution
		{61B58122-6EE8-4272-81F6-09EA0DECF95D}.Debug|Any CPU.ActiveCfg = Debug|Any CPU
		{61B58122-6EE8-4272-81F6-09EA0DECF95D}.Debug|Any CPU.Build.0 = Debug|Any CPU
		{61B58122-6EE8-4272-81F6-09EA0DECF95D}.Release|Any CPU.ActiveCfg = Release|Any CPU
		{61B58122-6EE8-4272-81F6-09EA0DECF95D}.Release|Any CPU.Build.0 = Release|Any CPU
	EndGlobalSection
	GlobalSection(SolutionProperties) = preSolution
		HideSolutionNode = FALSE
	EndGlobalSection
	GlobalSection(ExtensibilityGlobals) = postSolution
		SolutionGuid = {7F720EA1-75B5-490F-81CD-5526D984FC30}
	EndGlobalSection
EndGlobal
